
Microsoft Visual Studio Solution File, Format Version 12.00
# Visual Studio Version 17
VisualStudioVersion = 17.10.35122.118
MinimumVisualStudioVersion = 10.0.40219.1
Project("{FAE04EC0-301F-11D3-BF4B-00C04F79EFBC}") = "Medic.API", "Medic.API\Medic.API.csproj", "{EBB56A6A-ED49-4F01-B48D-7933666BBDBF}"
EndProject
Global
	GlobalSection(SolutionConfigurationPlatforms) = preSolution
		Debug|Any CPU = Debug|Any CPU
		Release|Any CPU = Release|Any CPU
	EndGlobalSection
	GlobalSection(ProjectConfigurationPlatforms) = postSolution
		{EBB56A6A-ED49-4F01-B48D-7933666BBDBF}.Debug|Any CPU.ActiveCfg = Debug|Any CPU
		{EBB56A6A-ED49-4F01-B48D-7933666BBDBF}.Debug|Any CPU.Build.0 = Debug|Any CPU
		{EBB56A6A-ED49-4F01-B48D-7933666BBDBF}.Release|Any CPU.ActiveCfg = Release|Any CPU
		{EBB56A6A-ED49-4F01-B48D-7933666BBDBF}.Release|Any CPU.Build.0 = Release|Any CPU
	EndGlobalSection
	GlobalSection(SolutionProperties) = preSolution
		HideSolutionNode = FALSE
	EndGlobalSection
	GlobalSection(ExtensibilityGlobals) = postSolution
		SolutionGuid = {53AEA230-6AE3-4C43-8A94-3D9C5524BB7C}
	EndGlobalSection
EndGlobal
